
Microsoft Visual Studio Solution File, Format Version 12.00
# Visual Studio Version 16
VisualStudioVersion = 16.0.31515.178
MinimumVisualStudioVersion = 10.0.40219.1
Project("{FAE04EC0-301F-11D3-BF4B-00C04F79EFBC}") = "Web", "Web\Web.csproj", "{AF5455C6-9097-4109-9387-63F703345239}"
EndProject
Project("{FAE04EC0-301F-11D3-BF4B-00C04F79EFBC}") = "DAL", "DAL\DAL.csproj", "{6064E6C2-38FD-40ED-AA78-460D37AAAD2C}"
EndProject
Project("{FAE04EC0-301F-11D3-BF4B-00C04F79EFBC}") = "Services", "Services\Services.csproj", "{819A0342-1303-4011-AA70-8240310F0864}"
EndProject
Global
	GlobalSection(SolutionConfigurationPlatforms) = preSolution
		Debug|Any CPU = Debug|Any CPU
		Release|Any CPU = Release|Any CPU
	EndGlobalSection
	GlobalSection(ProjectConfigurationPlatforms) = postSolution
		{AF5455C6-9097-4109-9387-63F703345239}.Debug|Any CPU.ActiveCfg = Debug|Any CPU
		{AF5455C6-9097-4109-9387-63F703345239}.Debug|Any CPU.Build.0 = Debug|Any CPU
		{AF5455C6-9097-4109-9387-63F703345239}.Release|Any CPU.ActiveCfg = Release|Any CPU
		{AF5455C6-9097-4109-9387-63F703345239}.Release|Any CPU.Build.0 = Release|Any CPU
		{6064E6C2-38FD-40ED-AA78-460D37AAAD2C}.Debug|Any CPU.ActiveCfg = Debug|Any CPU
		{6064E6C2-38FD-40ED-AA78-460D37AAAD2C}.Debug|Any CPU.Build.0 = Debug|Any CPU
		{6064E6C2-38FD-40ED-AA78-460D37AAAD2C}.Release|Any CPU.ActiveCfg = Release|Any CPU
		{6064E6C2-38FD-40ED-AA78-460D37AAAD2C}.Release|Any CPU.Build.0 = Release|Any CPU
		{819A0342-1303-4011-AA70-8240310F0864}.Debug|Any CPU.ActiveCfg = Debug|Any CPU
		{819A0342-1303-4011-AA70-8240310F0864}.Debug|Any CPU.Build.0 = Debug|Any CPU
		{819A0342-1303-4011-AA70-8240310F0864}.Release|Any CPU.ActiveCfg = Release|Any CPU
		{819A0342-1303-4011-AA70-8240310F0864}.Release|Any CPU.Build.0 = Release|Any CPU
	EndGlobalSection
	GlobalSection(SolutionProperties) = preSolution
		HideSolutionNode = FALSE
	EndGlobalSection
	GlobalSection(ExtensibilityGlobals) = postSolution
		SolutionGuid = {A4AAE719-70B0-4833-AFD2-D812E85B28CD}
	EndGlobalSection
EndGlobal
